
Microsoft Visual Studio Solution File, Format Version 12.00
# Visual Studio Version 16
VisualStudioVersion = 16.0.31410.357
MinimumVisualStudioVersion = 10.0.40219.1
Project("{FAE04EC0-301F-11D3-BF4B-00C04F79EFBC}") = "BankApp", "ATM3\BankApp.csproj", "{AC7A05EF-EDF3-4634-B647-6182F729E818}"
EndProject
Global
	GlobalSection(SolutionConfigurationPlatforms) = preSolution
		Debug|Any CPU = Debug|Any CPU
		Release|Any CPU = Release|Any CPU
	EndGlobalSection
	GlobalSection(ProjectConfigurationPlatforms) = postSolution
		{AC7A05EF-EDF3-4634-B647-6182F729E818}.Debug|Any CPU.ActiveCfg = Debug|Any CPU
		{AC7A05EF-EDF3-4634-B647-6182F729E818}.Debug|Any CPU.Build.0 = Debug|Any CPU
		{AC7A05EF-EDF3-4634-B647-6182F729E818}.Release|Any CPU.ActiveCfg = Release|Any CPU
		{AC7A05EF-EDF3-4634-B647-6182F729E818}.Release|Any CPU.Build.0 = Release|Any CPU
	EndGlobalSection
	GlobalSection(SolutionProperties) = preSolution
		HideSolutionNode = FALSE
	EndGlobalSection
	GlobalSection(ExtensibilityGlobals) = postSolution
		SolutionGuid = {794DD5FF-1FF1-4C4F-A10F-AEA82F342C27}
	EndGlobalSection
EndGlobal
